
Microsoft Visual Studio Solution File, Format Version 12.00
# Visual Studio 2013
VisualStudioVersion = 12.0.21005.1
MinimumVisualStudioVersion = 10.0.40219.1
Project("{FAE04EC0-301F-11D3-BF4B-00C04F79EFBC}") = "OperationPlatform", "OperationPlatform\OperationPlatform.csproj", "{E954E82C-9599-43EE-A1A3-42398779281E}"
EndProject
Project("{FAE04EC0-301F-11D3-BF4B-00C04F79EFBC}") = "BLL", "BLL\BLL.csproj", "{B9F3FD2B-54FA-45D5-A8CC-B643BABA98AA}"
EndProject
Project("{FAE04EC0-301F-11D3-BF4B-00C04F79EFBC}") = "Controls", "Controls\Controls.csproj", "{CDB549CC-8C11-41F0-8DAB-E8A3BECDCEAA}"
EndProject
Project("{FAE04EC0-301F-11D3-BF4B-00C04F79EFBC}") = "DAL", "DAL\DAL.csproj", "{36230BFB-D542-4208-BFA8-6A335ED82D83}"
EndProject
Project("{FAE04EC0-301F-11D3-BF4B-00C04F79EFBC}") = "Dapper", "Dapper\Dapper.csproj", "{A9726962-74DB-4B26-B521-3448D1241522}"
EndProject
Project("{FAE04EC0-301F-11D3-BF4B-00C04F79EFBC}") = "Model", "Model\Model.csproj", "{1114C246-67B0-4E3A-B1DF-C2010676B3F6}"
EndProject
Project("{FAE04EC0-301F-11D3-BF4B-00C04F79EFBC}") = "Utility", "Utility\Utility.csproj", "{04E7FA86-0A13-4D81-A56B-8500CAB577E2}"
EndProject
Global
	GlobalSection(SolutionConfigurationPlatforms) = preSolution
		Debug|Any CPU = Debug|Any CPU
		Release|Any CPU = Release|Any CPU
	EndGlobalSection
	GlobalSection(ProjectConfigurationPlatforms) = postSolution
		{E954E82C-9599-43EE-A1A3-42398779281E}.Debug|Any CPU.ActiveCfg = Debug|Any CPU
		{E954E82C-9599-43EE-A1A3-42398779281E}.Debug|Any CPU.Build.0 = Debug|Any CPU
		{E954E82C-9599-43EE-A1A3-42398779281E}.Release|Any CPU.ActiveCfg = Release|Any CPU
		{E954E82C-9599-43EE-A1A3-42398779281E}.Release|Any CPU.Build.0 = Release|Any CPU
		{B9F3FD2B-54FA-45D5-A8CC-B643BABA98AA}.Debug|Any CPU.ActiveCfg = Debug|Any CPU
		{B9F3FD2B-54FA-45D5-A8CC-B643BABA98AA}.Debug|Any CPU.Build.0 = Debug|Any CPU
		{B9F3FD2B-54FA-45D5-A8CC-B643BABA98AA}.Release|Any CPU.ActiveCfg = Release|Any CPU
		{B9F3FD2B-54FA-45D5-A8CC-B643BABA98AA}.Release|Any CPU.Build.0 = Release|Any CPU
		{CDB549CC-8C11-41F0-8DAB-E8A3BECDCEAA}.Debug|Any CPU.ActiveCfg = Debug|Any CPU
		{CDB549CC-8C11-41F0-8DAB-E8A3BECDCEAA}.Debug|Any CPU.Build.0 = Debug|Any CPU
		{CDB549CC-8C11-41F0-8DAB-E8A3BECDCEAA}.Release|Any CPU.ActiveCfg = Release|Any CPU
		{CDB549CC-8C11-41F0-8DAB-E8A3BECDCEAA}.Release|Any CPU.Build.0 = Release|Any CPU
		{36230BFB-D542-4208-BFA8-6A335ED82D83}.Debug|Any CPU.ActiveCfg = Debug|Any CPU
		{36230BFB-D542-4208-BFA8-6A335ED82D83}.Debug|Any CPU.Build.0 = Debug|Any CPU
		{36230BFB-D542-4208-BFA8-6A335ED82D83}.Release|Any CPU.ActiveCfg = Release|Any CPU
		{36230BFB-D542-4208-BFA8-6A335ED82D83}.Release|Any CPU.Build.0 = Release|Any CPU
		{A9726962-74DB-4B26-B521-3448D1241522}.Debug|Any CPU.ActiveCfg = Debug|Any CPU
		{A9726962-74DB-4B26-B521-3448D1241522}.Debug|Any CPU.Build.0 = Debug|Any CPU
		{A9726962-74DB-4B26-B521-3448D1241522}.Release|Any CPU.ActiveCfg = Release|Any CPU
		{A9726962-74DB-4B26-B521-3448D1241522}.Release|Any CPU.Build.0 = Release|Any CPU
		{1114C246-67B0-4E3A-B1DF-C2010676B3F6}.Debug|Any CPU.ActiveCfg = Debug|Any CPU
		{1114C246-67B0-4E3A-B1DF-C2010676B3F6}.Debug|Any CPU.Build.0 = Debug|Any CPU
		{1114C246-67B0-4E3A-B1DF-C2010676B3F6}.Release|Any CPU.ActiveCfg = Release|Any CPU
		{1114C246-67B0-4E3A-B1DF-C2010676B3F6}.Release|Any CPU.Build.0 = Release|Any CPU
		{04E7FA86-0A13-4D81-A56B-8500CAB577E2}.Debug|Any CPU.ActiveCfg = Debug|Any CPU
		{04E7FA86-0A13-4D81-A56B-8500CAB577E2}.Debug|Any CPU.Build.0 = Debug|Any CPU
		{04E7FA86-0A13-4D81-A56B-8500CAB577E2}.Release|Any CPU.ActiveCfg = Release|Any CPU
		{04E7FA86-0A13-4D81-A56B-8500CAB577E2}.Release|Any CPU.Build.0 = Release|Any CPU
	EndGlobalSection
	GlobalSection(SolutionProperties) = preSolution
		HideSolutionNode = FALSE
	EndGlobalSection
EndGlobal
